
Microsoft Visual Studio Solution File, Format Version 12.00
# Visual Studio 15
VisualStudioVersion = 15.0.27130.2036
MinimumVisualStudioVersion = 10.0.40219.1
Project("{9A19103F-16F7-4668-BE54-9A1E7A4F7556}") = "Miru.Testing", "src\Miru.Testing\Miru.Testing.csproj", "{700C232F-CEDF-4DDD-A259-2E557ABC19A5}"
EndProject
Project("{9A19103F-16F7-4668-BE54-9A1E7A4F7556}") = "Miru.Cli", "src\Miru.Cli\Miru.Cli.csproj", "{80717CB7-5F6A-425D-ADC5-66A73411FA4C}"
EndProject
Project("{9A19103F-16F7-4668-BE54-9A1E7A4F7556}") = "Miru.Tests", "tests\Miru.Tests\Miru.Tests.csproj", "{E928AD7E-CA6B-445E-8841-01A1AC3AAF74}"
EndProject
Project("{FAE04EC0-301F-11D3-BF4B-00C04F79EFBC}") = "Miru", "src\Miru\Miru.csproj", "{908230CE-BB8B-4B68-8279-0EA048A4EA7D}"
EndProject
Project("{FAE04EC0-301F-11D3-BF4B-00C04F79EFBC}") = "Miru.Core", "src\Miru.Core\Miru.Core.csproj", "{4AE2905C-FF29-4D57-BB2D-3446249FCB52}"
EndProject
Project("{FAE04EC0-301F-11D3-BF4B-00C04F79EFBC}") = "Miru.PageTesting", "src\Miru.PageTesting\Miru.PageTesting.csproj", "{5494CF2C-4F4C-4E87-9D08-D90C8FFABC17}"
EndProject
Project("{FAE04EC0-301F-11D3-BF4B-00C04F79EFBC}") = "Miru.Fabrication", "src\Miru.Fabrication\Miru.Fabrication.csproj", "{908FD985-BA09-4628-B627-FF2E709D6BC4}"
EndProject
Project("{2150E333-8FDC-42A3-9474-1A3956D46DE8}") = "_Misc", "_Misc", "{48637FD2-C267-46AF-B1AB-934BE1EE20FD}"
ProjectSection(SolutionItems) = preProject
	nuget.config = nuget.config
	Directory.Build.props = Directory.Build.props
	samples\Corpo.Skeleton\config\_Config.Example.yml = samples\Corpo.Skeleton\config\_Config.Example.yml
	.github\workflows\ci.yml = .github\workflows\ci.yml
	.github\workflows\release.yml = .github\workflows\release.yml
	.gitignore = .gitignore
	README.md = README.md
EndProjectSection
EndProject
Project("{FAE04EC0-301F-11D3-BF4B-00C04F79EFBC}") = "Scripts", "scripts\Scripts.csproj", "{635CC582-9202-4CEC-924B-2A6E8A40579F}"
EndProject
Project("{FAE04EC0-301F-11D3-BF4B-00C04F79EFBC}") = "Miru.PageTesting.Tests", "tests\Miru.PageTesting.Tests\Miru.PageTesting.Tests.csproj", "{FB8EF79C-31EA-4965-8388-9A57A6ADFE3B}"
EndProject
Project("{FAE04EC0-301F-11D3-BF4B-00C04F79EFBC}") = "Miru.PageTesting.Firefox", "src\Miru.PageTesting.Firefox\Miru.PageTesting.Firefox.csproj", "{77C5C703-81F6-41A1-A061-4924EC97E7FA}"
EndProject
Project("{FAE04EC0-301F-11D3-BF4B-00C04F79EFBC}") = "Miru.PageTesting.Chrome", "src\Miru.PageTesting.Chrome\Miru.PageTesting.Chrome.csproj", "{2F032396-19C3-447D-A591-A9242C13534B}"
EndProject
Project("{2150E333-8FDC-42A3-9474-1A3956D46DE8}") = "Tests", "Tests", "{82032D85-4BA1-4F07-89CE-F95685393764}"
EndProject
Project("{FAE04EC0-301F-11D3-BF4B-00C04F79EFBC}") = "Corpo.Skeleton", "samples\Corpo.Skeleton\src\Corpo.Skeleton\Corpo.Skeleton.csproj", "{085DD7EC-76B4-4936-BE31-B1DD0FEC97E8}"
EndProject
Project("{FAE04EC0-301F-11D3-BF4B-00C04F79EFBC}") = "Corpo.Skeleton.Tests", "samples\Corpo.Skeleton\tests\Corpo.Skeleton.Tests\Corpo.Skeleton.Tests.csproj", "{2C7626E8-92E2-4CB8-8517-4864A8FC885F}"
EndProject
Project("{FAE04EC0-301F-11D3-BF4B-00C04F79EFBC}") = "Corpo.Skeleton.PageTests", "samples\Corpo.Skeleton\tests\Corpo.Skeleton.PageTests\Corpo.Skeleton.PageTests.csproj", "{F0076054-E669-40CD-8863-5C075E2C0232}"
EndProject
Project("{2150E333-8FDC-42A3-9474-1A3956D46DE8}") = "Corpo.Skeleton", "Corpo.Skeleton", "{47A03D9D-2402-4BBA-813C-FB793CBA8032}"
EndProject
Project("{FAE04EC0-301F-11D3-BF4B-00C04F79EFBC}") = "Miru.SqlServer", "src\Miru.SqlServer\Miru.SqlServer.csproj", "{29B3365E-2579-40D7-82EA-1A7EFDD1334A}"
EndProject
Project("{FAE04EC0-301F-11D3-BF4B-00C04F79EFBC}") = "Miru.Sqlite", "src\Miru.Sqlite\Miru.Sqlite.csproj", "{BF40CCBF-3274-4B8F-B3C5-EA18DCB5CFA2}"
EndProject
Project("{FAE04EC0-301F-11D3-BF4B-00C04F79EFBC}") = "Miru.Postgres", "src\Miru.Postgres\Miru.Postgres.csproj", "{AF43C3D1-DCAF-460B-BB29-FA00F91E62FB}"
EndProject
Project("{2150E333-8FDC-42A3-9474-1A3956D46DE8}") = "Supportreon", "Supportreon", "{97D02175-DB67-4730-A3DB-385D2921E0B4}"
EndProject
Project("{FAE04EC0-301F-11D3-BF4B-00C04F79EFBC}") = "Supportreon", "samples\Supportreon\src\Supportreon\Supportreon.csproj", "{E6109C93-AE88-4644-AC5E-74CC77D4BA34}"
EndProject
Project("{FAE04EC0-301F-11D3-BF4B-00C04F79EFBC}") = "Supportreon.Tests", "samples\Supportreon\tests\Supportreon.Tests\Supportreon.Tests.csproj", "{D3C8AB49-6F85-4D9B-B5A0-51B7CE7966D3}"
EndProject
Project("{FAE04EC0-301F-11D3-BF4B-00C04F79EFBC}") = "Supportreon.PageTests", "samples\Supportreon\tests\Supportreon.PageTests\Supportreon.PageTests.csproj", "{8F563854-75F3-4121-A223-D7A0D28136C5}"
EndProject
Project("{2150E333-8FDC-42A3-9474-1A3956D46DE8}") = "_Misc", "_Misc", "{DF283AB9-BA12-452E-A717-AFFB96566653}"
ProjectSection(SolutionItems) = preProject
	samples\Supportreon\README.md = samples\Supportreon\README.md
	samples\Supportreon\Supportreon.txt = samples\Supportreon\Supportreon.txt
EndProjectSection
EndProject
Project("{FAE04EC0-301F-11D3-BF4B-00C04F79EFBC}") = "Miru.MySql", "src\Miru.MySql\Miru.MySql.csproj", "{799D9D49-D5F5-4648-B940-BB77E7E59CF2}"
EndProject
Project("{2150E333-8FDC-42A3-9474-1A3956D46DE8}") = "_Misc", "_Misc", "{B993B941-8401-4FB3-8FC0-358BC831BB18}"
ProjectSection(SolutionItems) = preProject
	samples\Corpo.Skeleton\Readme.md = samples\Corpo.Skeleton\Readme.md
EndProjectSection
EndProject
Global
	GlobalSection(SolutionConfigurationPlatforms) = preSolution
		Debug|Any CPU = Debug|Any CPU
		Release|Any CPU = Release|Any CPU
	EndGlobalSection
	GlobalSection(ProjectConfigurationPlatforms) = postSolution
		{700C232F-CEDF-4DDD-A259-2E557ABC19A5}.Debug|Any CPU.ActiveCfg = Debug|Any CPU
		{700C232F-CEDF-4DDD-A259-2E557ABC19A5}.Debug|Any CPU.Build.0 = Debug|Any CPU
		{700C232F-CEDF-4DDD-A259-2E557ABC19A5}.Release|Any CPU.ActiveCfg = Release|Any CPU
		{700C232F-CEDF-4DDD-A259-2E557ABC19A5}.Release|Any CPU.Build.0 = Release|Any CPU
		{80717CB7-5F6A-425D-ADC5-66A73411FA4C}.Debug|Any CPU.ActiveCfg = Debug|Any CPU
		{80717CB7-5F6A-425D-ADC5-66A73411FA4C}.Debug|Any CPU.Build.0 = Debug|Any CPU
		{80717CB7-5F6A-425D-ADC5-66A73411FA4C}.Release|Any CPU.ActiveCfg = Release|Any CPU
		{80717CB7-5F6A-425D-ADC5-66A73411FA4C}.Release|Any CPU.Build.0 = Release|Any CPU
		{E928AD7E-CA6B-445E-8841-01A1AC3AAF74}.Debug|Any CPU.ActiveCfg = Debug|Any CPU
		{E928AD7E-CA6B-445E-8841-01A1AC3AAF74}.Debug|Any CPU.Build.0 = Debug|Any CPU
		{E928AD7E-CA6B-445E-8841-01A1AC3AAF74}.Release|Any CPU.ActiveCfg = Release|Any CPU
		{E928AD7E-CA6B-445E-8841-01A1AC3AAF74}.Release|Any CPU.Build.0 = Release|Any CPU
		{908230CE-BB8B-4B68-8279-0EA048A4EA7D}.Debug|Any CPU.ActiveCfg = Debug|Any CPU
		{908230CE-BB8B-4B68-8279-0EA048A4EA7D}.Debug|Any CPU.Build.0 = Debug|Any CPU
		{908230CE-BB8B-4B68-8279-0EA048A4EA7D}.Release|Any CPU.ActiveCfg = Release|Any CPU
		{908230CE-BB8B-4B68-8279-0EA048A4EA7D}.Release|Any CPU.Build.0 = Release|Any CPU
		{4AE2905C-FF29-4D57-BB2D-3446249FCB52}.Debug|Any CPU.ActiveCfg = Debug|Any CPU
		{4AE2905C-FF29-4D57-BB2D-3446249FCB52}.Debug|Any CPU.Build.0 = Debug|Any CPU
		{4AE2905C-FF29-4D57-BB2D-3446249FCB52}.Release|Any CPU.ActiveCfg = Release|Any CPU
		{4AE2905C-FF29-4D57-BB2D-3446249FCB52}.Release|Any CPU.Build.0 = Release|Any CPU
		{5494CF2C-4F4C-4E87-9D08-D90C8FFABC17}.Debug|Any CPU.ActiveCfg = Debug|Any CPU
		{5494CF2C-4F4C-4E87-9D08-D90C8FFABC17}.Debug|Any CPU.Build.0 = Debug|Any CPU
		{5494CF2C-4F4C-4E87-9D08-D90C8FFABC17}.Release|Any CPU.ActiveCfg = Release|Any CPU
		{5494CF2C-4F4C-4E87-9D08-D90C8FFABC17}.Release|Any CPU.Build.0 = Release|Any CPU
		{908FD985-BA09-4628-B627-FF2E709D6BC4}.Debug|Any CPU.ActiveCfg = Debug|Any CPU
		{908FD985-BA09-4628-B627-FF2E709D6BC4}.Debug|Any CPU.Build.0 = Debug|Any CPU
		{908FD985-BA09-4628-B627-FF2E709D6BC4}.Release|Any CPU.ActiveCfg = Release|Any CPU
		{908FD985-BA09-4628-B627-FF2E709D6BC4}.Release|Any CPU.Build.0 = Release|Any CPU
		{635CC582-9202-4CEC-924B-2A6E8A40579F}.Debug|Any CPU.ActiveCfg = Debug|Any CPU
		{635CC582-9202-4CEC-924B-2A6E8A40579F}.Debug|Any CPU.Build.0 = Debug|Any CPU
		{635CC582-9202-4CEC-924B-2A6E8A40579F}.Release|Any CPU.ActiveCfg = Release|Any CPU
		{635CC582-9202-4CEC-924B-2A6E8A40579F}.Release|Any CPU.Build.0 = Release|Any CPU
		{FB8EF79C-31EA-4965-8388-9A57A6ADFE3B}.Debug|Any CPU.ActiveCfg = Debug|Any CPU
		{FB8EF79C-31EA-4965-8388-9A57A6ADFE3B}.Debug|Any CPU.Build.0 = Debug|Any CPU
		{FB8EF79C-31EA-4965-8388-9A57A6ADFE3B}.Release|Any CPU.ActiveCfg = Release|Any CPU
		{FB8EF79C-31EA-4965-8388-9A57A6ADFE3B}.Release|Any CPU.Build.0 = Release|Any CPU
		{77C5C703-81F6-41A1-A061-4924EC97E7FA}.Debug|Any CPU.ActiveCfg = Debug|Any CPU
		{77C5C703-81F6-41A1-A061-4924EC97E7FA}.Debug|Any CPU.Build.0 = Debug|Any CPU
		{77C5C703-81F6-41A1-A061-4924EC97E7FA}.Release|Any CPU.ActiveCfg = Release|Any CPU
		{77C5C703-81F6-41A1-A061-4924EC97E7FA}.Release|Any CPU.Build.0 = Release|Any CPU
		{2F032396-19C3-447D-A591-A9242C13534B}.Debug|Any CPU.ActiveCfg = Debug|Any CPU
		{2F032396-19C3-447D-A591-A9242C13534B}.Debug|Any CPU.Build.0 = Debug|Any CPU
		{2F032396-19C3-447D-A591-A9242C13534B}.Release|Any CPU.ActiveCfg = Release|Any CPU
		{2F032396-19C3-447D-A591-A9242C13534B}.Release|Any CPU.Build.0 = Release|Any CPU
		{085DD7EC-76B4-4936-BE31-B1DD0FEC97E8}.Debug|Any CPU.ActiveCfg = Debug|Any CPU
		{085DD7EC-76B4-4936-BE31-B1DD0FEC97E8}.Debug|Any CPU.Build.0 = Debug|Any CPU
		{085DD7EC-76B4-4936-BE31-B1DD0FEC97E8}.Release|Any CPU.ActiveCfg = Release|Any CPU
		{085DD7EC-76B4-4936-BE31-B1DD0FEC97E8}.Release|Any CPU.Build.0 = Release|Any CPU
		{2C7626E8-92E2-4CB8-8517-4864A8FC885F}.Debug|Any CPU.ActiveCfg = Debug|Any CPU
		{2C7626E8-92E2-4CB8-8517-4864A8FC885F}.Debug|Any CPU.Build.0 = Debug|Any CPU
		{2C7626E8-92E2-4CB8-8517-4864A8FC885F}.Release|Any CPU.ActiveCfg = Release|Any CPU
		{2C7626E8-92E2-4CB8-8517-4864A8FC885F}.Release|Any CPU.Build.0 = Release|Any CPU
		{F0076054-E669-40CD-8863-5C075E2C0232}.Debug|Any CPU.ActiveCfg = Debug|Any CPU
		{F0076054-E669-40CD-8863-5C075E2C0232}.Debug|Any CPU.Build.0 = Debug|Any CPU
		{F0076054-E669-40CD-8863-5C075E2C0232}.Release|Any CPU.ActiveCfg = Release|Any CPU
		{F0076054-E669-40CD-8863-5C075E2C0232}.Release|Any CPU.Build.0 = Release|Any CPU
		{29B3365E-2579-40D7-82EA-1A7EFDD1334A}.Debug|Any CPU.ActiveCfg = Debug|Any CPU
		{29B3365E-2579-40D7-82EA-1A7EFDD1334A}.Debug|Any CPU.Build.0 = Debug|Any CPU
		{29B3365E-2579-40D7-82EA-1A7EFDD1334A}.Release|Any CPU.ActiveCfg = Release|Any CPU
		{29B3365E-2579-40D7-82EA-1A7EFDD1334A}.Release|Any CPU.Build.0 = Release|Any CPU
		{BF40CCBF-3274-4B8F-B3C5-EA18DCB5CFA2}.Debug|Any CPU.ActiveCfg = Debug|Any CPU
		{BF40CCBF-3274-4B8F-B3C5-EA18DCB5CFA2}.Debug|Any CPU.Build.0 = Debug|Any CPU
		{BF40CCBF-3274-4B8F-B3C5-EA18DCB5CFA2}.Release|Any CPU.ActiveCfg = Release|Any CPU
		{BF40CCBF-3274-4B8F-B3C5-EA18DCB5CFA2}.Release|Any CPU.Build.0 = Release|Any CPU
		{AF43C3D1-DCAF-460B-BB29-FA00F91E62FB}.Debug|Any CPU.ActiveCfg = Debug|Any CPU
		{AF43C3D1-DCAF-460B-BB29-FA00F91E62FB}.Debug|Any CPU.Build.0 = Debug|Any CPU
		{AF43C3D1-DCAF-460B-BB29-FA00F91E62FB}.Release|Any CPU.ActiveCfg = Release|Any CPU
		{AF43C3D1-DCAF-460B-BB29-FA00F91E62FB}.Release|Any CPU.Build.0 = Release|Any CPU
		{E6109C93-AE88-4644-AC5E-74CC77D4BA34}.Debug|Any CPU.ActiveCfg = Debug|Any CPU
		{E6109C93-AE88-4644-AC5E-74CC77D4BA34}.Debug|Any CPU.Build.0 = Debug|Any CPU
		{E6109C93-AE88-4644-AC5E-74CC77D4BA34}.Release|Any CPU.ActiveCfg = Release|Any CPU
		{E6109C93-AE88-4644-AC5E-74CC77D4BA34}.Release|Any CPU.Build.0 = Release|Any CPU
		{D3C8AB49-6F85-4D9B-B5A0-51B7CE7966D3}.Debug|Any CPU.ActiveCfg = Debug|Any CPU
		{D3C8AB49-6F85-4D9B-B5A0-51B7CE7966D3}.Debug|Any CPU.Build.0 = Debug|Any CPU
		{D3C8AB49-6F85-4D9B-B5A0-51B7CE7966D3}.Release|Any CPU.ActiveCfg = Release|Any CPU
		{D3C8AB49-6F85-4D9B-B5A0-51B7CE7966D3}.Release|Any CPU.Build.0 = Release|Any CPU
		{8F563854-75F3-4121-A223-D7A0D28136C5}.Debug|Any CPU.ActiveCfg = Debug|Any CPU
		{8F563854-75F3-4121-A223-D7A0D28136C5}.Debug|Any CPU.Build.0 = Debug|Any CPU
		{8F563854-75F3-4121-A223-D7A0D28136C5}.Release|Any CPU.ActiveCfg = Release|Any CPU
		{8F563854-75F3-4121-A223-D7A0D28136C5}.Release|Any CPU.Build.0 = Release|Any CPU
		{799D9D49-D5F5-4648-B940-BB77E7E59CF2}.Debug|Any CPU.ActiveCfg = Debug|Any CPU
		{799D9D49-D5F5-4648-B940-BB77E7E59CF2}.Debug|Any CPU.Build.0 = Debug|Any CPU
		{799D9D49-D5F5-4648-B940-BB77E7E59CF2}.Release|Any CPU.ActiveCfg = Release|Any CPU
		{799D9D49-D5F5-4648-B940-BB77E7E59CF2}.Release|Any CPU.Build.0 = Release|Any CPU
	EndGlobalSection
	GlobalSection(SolutionProperties) = preSolution
		HideSolutionNode = FALSE
	EndGlobalSection
	GlobalSection(NestedProjects) = preSolution
		{FB8EF79C-31EA-4965-8388-9A57A6ADFE3B} = {82032D85-4BA1-4F07-89CE-F95685393764}
		{E928AD7E-CA6B-445E-8841-01A1AC3AAF74} = {82032D85-4BA1-4F07-89CE-F95685393764}
		{085DD7EC-76B4-4936-BE31-B1DD0FEC97E8} = {47A03D9D-2402-4BBA-813C-FB793CBA8032}
		{F0076054-E669-40CD-8863-5C075E2C0232} = {47A03D9D-2402-4BBA-813C-FB793CBA8032}
		{2C7626E8-92E2-4CB8-8517-4864A8FC885F} = {47A03D9D-2402-4BBA-813C-FB793CBA8032}
		{E6109C93-AE88-4644-AC5E-74CC77D4BA34} = {97D02175-DB67-4730-A3DB-385D2921E0B4}
		{D3C8AB49-6F85-4D9B-B5A0-51B7CE7966D3} = {97D02175-DB67-4730-A3DB-385D2921E0B4}
		{8F563854-75F3-4121-A223-D7A0D28136C5} = {97D02175-DB67-4730-A3DB-385D2921E0B4}
		{DF283AB9-BA12-452E-A717-AFFB96566653} = {97D02175-DB67-4730-A3DB-385D2921E0B4}
		{B993B941-8401-4FB3-8FC0-358BC831BB18} = {47A03D9D-2402-4BBA-813C-FB793CBA8032}
	EndGlobalSection
	GlobalSection(ExtensibilityGlobals) = postSolution
		SolutionGuid = {61193018-93E9-471E-B8AE-1A5B27D527F3}
	EndGlobalSection
EndGlobal
